// !$*UTF8*$!
{
	archiveVersion = 1;
	classes = {
	};
	objectVersion = 46;
	objects = {

/* Begin PBXBuildFile section */
		1DDD58160DA1D0A300B32029 /* MainMenu.xib in Resources */ = {isa = PBXBuildFile; fileRef = 1DDD58140DA1D0A300B32029 /* MainMenu.xib */; };
		8D11072B0486CEB800E47090 /* InfoPlist.strings in Resources */ = {isa = PBXBuildFile; fileRef = 089C165CFE840E0CC02AAC07 /* InfoPlist.strings */; };
		8D11072D0486CEB800E47090 /* main.m in Sources */ = {isa = PBXBuildFile; fileRef = 29B97316FDCFA39411CA2CEA /* main.m */; settings = {ATTRIBUTES = (); }; };
		8D11072F0486CEB800E47090 /* Cocoa.framework in Frameworks */ = {isa = PBXBuildFile; fileRef = 1058C7A1FEA54F0111CA2CBB /* Cocoa.framework */; };
		A476E95A16B740D700BBBCD2 /* JSONKit.m in Sources */ = {isa = PBXBuildFile; fileRef = A476E95716B740D700BBBCD2 /* JSONKit.m */; settings = {COMPILER_FLAGS = "-fno-objc-arc"; }; };
		AF1FC48410F435BD00ED5A57 /* CocoaRestClientAppDelegate.m in Sources */ = {isa = PBXBuildFile; fileRef = 256AC3D90F4B6AC300CF3369 /* CocoaRestClientAppDelegate.m */; };
		AF7A149B113B583A00F0D6F5 /* cocoaRestClient.icns in Resources */ = {isa = PBXBuildFile; fileRef = AF7A149A113B583A00F0D6F5 /* cocoaRestClient.icns */; };
		AFCE79531419B47900E22468 /* Sparkle.framework in Frameworks */ = {isa = PBXBuildFile; fileRef = AFCE79521419B47900E22468 /* Sparkle.framework */; };
		AFCE79551419B49F00E22468 /* Sparkle.framework in CopyFiles */ = {isa = PBXBuildFile; fileRef = AFCE79521419B47900E22468 /* Sparkle.framework */; };
		AFCE79571419B54600E22468 /* dsa_pub.pem in Resources */ = {isa = PBXBuildFile; fileRef = AFCE79561419B54600E22468 /* dsa_pub.pem */; };
		AFE1837712E394E5001B1B29 /* LICENSE.txt in Resources */ = {isa = PBXBuildFile; fileRef = AFE1837612E394E5001B1B29 /* LICENSE.txt */; };
		D714A01D11E8BF7700F5A80B /* CRCFormEncodedRequest.m in Sources */ = {isa = PBXBuildFile; fileRef = D714A01C11E8BF7700F5A80B /* CRCFormEncodedRequest.m */; };
		D714A02011E8C0F400F5A80B /* CRCRawRequest.m in Sources */ = {isa = PBXBuildFile; fileRef = D714A01F11E8C0F400F5A80B /* CRCRawRequest.m */; };
		D714A03111E8F61D00F5A80B /* CRCFileRequest.m in Sources */ = {isa = PBXBuildFile; fileRef = D714A03011E8F61D00F5A80B /* CRCFileRequest.m */; };
		D714A0A211E901FB00F5A80B /* CRCRequest.m in Sources */ = {isa = PBXBuildFile; fileRef = D714A0A111E901FB00F5A80B /* CRCRequest.m */; };
		D7AC588711E60DDA00D67635 /* CRCMultipartRequest.m in Sources */ = {isa = PBXBuildFile; fileRef = D7AC588611E60DDA00D67635 /* CRCMultipartRequest.m */; };
		D7D998B411EAA29B005B8811 /* CRCTopView.m in Sources */ = {isa = PBXBuildFile; fileRef = D7D998B311EAA29B005B8811 /* CRCTopView.m */; };
		D7D998B611EAA2B2005B8811 /* background-header.png in Resources */ = {isa = PBXBuildFile; fileRef = D7D998B511EAA2B2005B8811 /* background-header.png */; };
/* End PBXBuildFile section */

/* Begin PBXCopyFilesBuildPhase section */
		AFCE79541419B49700E22468 /* CopyFiles */ = {
			isa = PBXCopyFilesBuildPhase;
			buildActionMask = 2147483647;
			dstPath = "";
			dstSubfolderSpec = 10;
			files = (
				AFCE79551419B49F00E22468 /* Sparkle.framework in CopyFiles */,
			);
			runOnlyForDeploymentPostprocessing = 0;
		};
/* End PBXCopyFilesBuildPhase section */

/* Begin PBXFileReference section */
		089C165DFE840E0CC02AAC07 /* English */ = {isa = PBXFileReference; fileEncoding = 4; lastKnownFileType = text.plist.strings; name = English; path = English.lproj/InfoPlist.strings; sourceTree = "<group>"; };
		1058C7A1FEA54F0111CA2CBB /* Cocoa.framework */ = {isa = PBXFileReference; lastKnownFileType = wrapper.framework; name = Cocoa.framework; path = /System/Library/Frameworks/Cocoa.framework; sourceTree = "<absolute>"; };
		13E42FB307B3F0F600E4EEF1 /* CoreData.framework */ = {isa = PBXFileReference; lastKnownFileType = wrapper.framework; name = CoreData.framework; path = /System/Library/Frameworks/CoreData.framework; sourceTree = "<absolute>"; };
		1DDD58150DA1D0A300B32029 /* English */ = {isa = PBXFileReference; lastKnownFileType = file.xib; name = English; path = English.lproj/MainMenu.xib; sourceTree = "<group>"; };
		256AC3D80F4B6AC300CF3369 /* CocoaRestClientAppDelegate.h */ = {isa = PBXFileReference; fileEncoding = 4; lastKnownFileType = sourcecode.c.h; path = CocoaRestClientAppDelegate.h; sourceTree = "<group>"; };
		256AC3D90F4B6AC300CF3369 /* CocoaRestClientAppDelegate.m */ = {isa = PBXFileReference; fileEncoding = 4; lastKnownFileType = sourcecode.c.objc; path = CocoaRestClientAppDelegate.m; sourceTree = "<group>"; };
		256AC3F00F4B6AF500CF3369 /* CocoaRestClient_Prefix.pch */ = {isa = PBXFileReference; fileEncoding = 4; lastKnownFileType = sourcecode.c.h; path = CocoaRestClient_Prefix.pch; sourceTree = "<group>"; };
		29B97316FDCFA39411CA2CEA /* main.m */ = {isa = PBXFileReference; fileEncoding = 4; lastKnownFileType = sourcecode.c.objc; path = main.m; sourceTree = "<group>"; };
		29B97324FDCFA39411CA2CEA /* AppKit.framework */ = {isa = PBXFileReference; lastKnownFileType = wrapper.framework; name = AppKit.framework; path = /System/Library/Frameworks/AppKit.framework; sourceTree = "<absolute>"; };
		29B97325FDCFA39411CA2CEA /* Foundation.framework */ = {isa = PBXFileReference; lastKnownFileType = wrapper.framework; name = Foundation.framework; path = /System/Library/Frameworks/Foundation.framework; sourceTree = "<absolute>"; };
		8D1107310486CEB800E47090 /* CocoaRestClient-Info.plist */ = {isa = PBXFileReference; fileEncoding = 4; lastKnownFileType = text.plist.xml; path = "CocoaRestClient-Info.plist"; sourceTree = "<group>"; };
		8D1107320486CEB800E47090 /* CocoaRestClient.app */ = {isa = PBXFileReference; explicitFileType = wrapper.application; includeInIndex = 0; path = CocoaRestClient.app; sourceTree = BUILT_PRODUCTS_DIR; };
		A476E95516B740D700BBBCD2 /* CHANGELOG.md */ = {isa = PBXFileReference; fileEncoding = 4; lastKnownFileType = text; path = CHANGELOG.md; sourceTree = "<group>"; };
		A476E95616B740D700BBBCD2 /* JSONKit.h */ = {isa = PBXFileReference; fileEncoding = 4; lastKnownFileType = sourcecode.c.h; path = JSONKit.h; sourceTree = "<group>"; };
		A476E95716B740D700BBBCD2 /* JSONKit.m */ = {isa = PBXFileReference; fileEncoding = 4; lastKnownFileType = sourcecode.c.objc; path = JSONKit.m; sourceTree = "<group>"; };
		A476E95816B740D700BBBCD2 /* README.md */ = {isa = PBXFileReference; fileEncoding = 4; lastKnownFileType = text; path = README.md; sourceTree = "<group>"; };
		AF7A149A113B583A00F0D6F5 /* cocoaRestClient.icns */ = {isa = PBXFileReference; lastKnownFileType = image.icns; path = cocoaRestClient.icns; sourceTree = "<group>"; };
		AFCE79521419B47900E22468 /* Sparkle.framework */ = {isa = PBXFileReference; lastKnownFileType = wrapper.framework; path = Sparkle.framework; sourceTree = "<group>"; };
		AFCE79561419B54600E22468 /* dsa_pub.pem */ = {isa = PBXFileReference; fileEncoding = 4; lastKnownFileType = text; path = dsa_pub.pem; sourceTree = "<group>"; };
		AFE1837612E394E5001B1B29 /* LICENSE.txt */ = {isa = PBXFileReference; fileEncoding = 4; lastKnownFileType = text; path = LICENSE.txt; sourceTree = "<group>"; };
		D714A01B11E8BF7700F5A80B /* CRCFormEncodedRequest.h */ = {isa = PBXFileReference; fileEncoding = 4; lastKnownFileType = sourcecode.c.h; path = CRCFormEncodedRequest.h; sourceTree = "<group>"; };
		D714A01C11E8BF7700F5A80B /* CRCFormEncodedRequest.m */ = {isa = PBXFileReference; fileEncoding = 4; lastKnownFileType = sourcecode.c.objc; path = CRCFormEncodedRequest.m; sourceTree = "<group>"; };
		D714A01E11E8C0F400F5A80B /* CRCRawRequest.h */ = {isa = PBXFileReference; fileEncoding = 4; lastKnownFileType = sourcecode.c.h; path = CRCRawRequest.h; sourceTree = "<group>"; };
		D714A01F11E8C0F400F5A80B /* CRCRawRequest.m */ = {isa = PBXFileReference; fileEncoding = 4; lastKnownFileType = sourcecode.c.objc; path = CRCRawRequest.m; sourceTree = "<group>"; };
		D714A02F11E8F61D00F5A80B /* CRCFileRequest.h */ = {isa = PBXFileReference; fileEncoding = 4; lastKnownFileType = sourcecode.c.h; path = CRCFileRequest.h; sourceTree = "<group>"; };
		D714A03011E8F61D00F5A80B /* CRCFileRequest.m */ = {isa = PBXFileReference; fileEncoding = 4; lastKnownFileType = sourcecode.c.objc; path = CRCFileRequest.m; sourceTree = "<group>"; };
		D714A0A011E901FB00F5A80B /* CRCRequest.h */ = {isa = PBXFileReference; fileEncoding = 4; lastKnownFileType = sourcecode.c.h; path = CRCRequest.h; sourceTree = "<group>"; };
		D714A0A111E901FB00F5A80B /* CRCRequest.m */ = {isa = PBXFileReference; fileEncoding = 4; lastKnownFileType = sourcecode.c.objc; path = CRCRequest.m; sourceTree = "<group>"; };
		D7AC588511E60DDA00D67635 /* CRCMultipartRequest.h */ = {isa = PBXFileReference; fileEncoding = 4; lastKnownFileType = sourcecode.c.h; path = CRCMultipartRequest.h; sourceTree = "<group>"; };
		D7AC588611E60DDA00D67635 /* CRCMultipartRequest.m */ = {isa = PBXFileReference; fileEncoding = 4; lastKnownFileType = sourcecode.c.objc; path = CRCMultipartRequest.m; sourceTree = "<group>"; };
		D7D998B211EAA29B005B8811 /* CRCTopView.h */ = {isa = PBXFileReference; fileEncoding = 4; lastKnownFileType = sourcecode.c.h; path = CRCTopView.h; sourceTree = "<group>"; };
		D7D998B311EAA29B005B8811 /* CRCTopView.m */ = {isa = PBXFileReference; fileEncoding = 4; lastKnownFileType = sourcecode.c.objc; path = CRCTopView.m; sourceTree = "<group>"; };
		D7D998B511EAA2B2005B8811 /* background-header.png */ = {isa = PBXFileReference; lastKnownFileType = image.png; path = "background-header.png"; sourceTree = "<group>"; };
/* End PBXFileReference section */

/* Begin PBXFrameworksBuildPhase section */
		8D11072E0486CEB800E47090 /* Frameworks */ = {
			isa = PBXFrameworksBuildPhase;
			buildActionMask = 2147483647;
			files = (
				8D11072F0486CEB800E47090 /* Cocoa.framework in Frameworks */,
				AFCE79531419B47900E22468 /* Sparkle.framework in Frameworks */,
			);
			runOnlyForDeploymentPostprocessing = 0;
		};
/* End PBXFrameworksBuildPhase section */

/* Begin PBXGroup section */
		080E96DDFE201D6D7F000001 /* Classes */ = {
			isa = PBXGroup;
			children = (
				256AC3D80F4B6AC300CF3369 /* CocoaRestClientAppDelegate.h */,
				256AC3D90F4B6AC300CF3369 /* CocoaRestClientAppDelegate.m */,
				D7AC588511E60DDA00D67635 /* CRCMultipartRequest.h */,
				D7AC588611E60DDA00D67635 /* CRCMultipartRequest.m */,
				D714A01B11E8BF7700F5A80B /* CRCFormEncodedRequest.h */,
				D714A01C11E8BF7700F5A80B /* CRCFormEncodedRequest.m */,
				D714A01E11E8C0F400F5A80B /* CRCRawRequest.h */,
				D714A01F11E8C0F400F5A80B /* CRCRawRequest.m */,
				D714A02F11E8F61D00F5A80B /* CRCFileRequest.h */,
				D714A03011E8F61D00F5A80B /* CRCFileRequest.m */,
				D714A0A011E901FB00F5A80B /* CRCRequest.h */,
				D714A0A111E901FB00F5A80B /* CRCRequest.m */,
				D7D998B211EAA29B005B8811 /* CRCTopView.h */,
				D7D998B311EAA29B005B8811 /* CRCTopView.m */,
			);
			name = Classes;
			sourceTree = "<group>";
		};
		1058C7A0FEA54F0111CA2CBB /* Linked Frameworks */ = {
			isa = PBXGroup;
			children = (
				1058C7A1FEA54F0111CA2CBB /* Cocoa.framework */,
			);
			name = "Linked Frameworks";
			sourceTree = "<group>";
		};
		1058C7A2FEA54F0111CA2CBB /* Other Frameworks */ = {
			isa = PBXGroup;
			children = (
				29B97324FDCFA39411CA2CEA /* AppKit.framework */,
				13E42FB307B3F0F600E4EEF1 /* CoreData.framework */,
				29B97325FDCFA39411CA2CEA /* Foundation.framework */,
			);
			name = "Other Frameworks";
			sourceTree = "<group>";
		};
		19C28FACFE9D520D11CA2CBB /* Products */ = {
			isa = PBXGroup;
			children = (
				8D1107320486CEB800E47090 /* CocoaRestClient.app */,
			);
			name = Products;
			sourceTree = "<group>";
		};
		29B97314FDCFA39411CA2CEA /* CocoaRestClient */ = {
			isa = PBXGroup;
			children = (
				080E96DDFE201D6D7F000001 /* Classes */,
				A476E95416B740D700BBBCD2 /* JSONKit */,
				29B97315FDCFA39411CA2CEA /* Other Sources */,
				29B97317FDCFA39411CA2CEA /* Resources */,
				29B97323FDCFA39411CA2CEA /* Frameworks */,
				19C28FACFE9D520D11CA2CBB /* Products */,
			);
			name = CocoaRestClient;
			sourceTree = "<group>";
		};
		29B97315FDCFA39411CA2CEA /* Other Sources */ = {
			isa = PBXGroup;
			children = (
				256AC3F00F4B6AF500CF3369 /* CocoaRestClient_Prefix.pch */,
				29B97316FDCFA39411CA2CEA /* main.m */,
			);
			name = "Other Sources";
			sourceTree = "<group>";
		};
		29B97317FDCFA39411CA2CEA /* Resources */ = {
			isa = PBXGroup;
			children = (
				AFCE79561419B54600E22468 /* dsa_pub.pem */,
				AFE1837612E394E5001B1B29 /* LICENSE.txt */,
				D7D998B511EAA2B2005B8811 /* background-header.png */,
				AF7A149A113B583A00F0D6F5 /* cocoaRestClient.icns */,
				8D1107310486CEB800E47090 /* CocoaRestClient-Info.plist */,
				089C165CFE840E0CC02AAC07 /* InfoPlist.strings */,
				1DDD58140DA1D0A300B32029 /* MainMenu.xib */,
			);
			name = Resources;
			sourceTree = "<group>";
		};
		29B97323FDCFA39411CA2CEA /* Frameworks */ = {
			isa = PBXGroup;
			children = (
				AFCE79521419B47900E22468 /* Sparkle.framework */,
				1058C7A0FEA54F0111CA2CBB /* Linked Frameworks */,
				1058C7A2FEA54F0111CA2CBB /* Other Frameworks */,
			);
			name = Frameworks;
			sourceTree = "<group>";
		};
		A476E95416B740D700BBBCD2 /* JSONKit */ = {
			isa = PBXGroup;
			children = (
				A476E95516B740D700BBBCD2 /* CHANGELOG.md */,
				A476E95616B740D700BBBCD2 /* JSONKit.h */,
				A476E95716B740D700BBBCD2 /* JSONKit.m */,
				A476E95816B740D700BBBCD2 /* README.md */,
			);
			name = JSONKit;
			path = lib/JSONKit;
			sourceTree = "<group>";
		};
/* End PBXGroup section */

/* Begin PBXNativeTarget section */
		8D1107260486CEB800E47090 /* CocoaRestClient */ = {
			isa = PBXNativeTarget;
			buildConfigurationList = C01FCF4A08A954540054247B /* Build configuration list for PBXNativeTarget "CocoaRestClient" */;
			buildPhases = (
				8D1107290486CEB800E47090 /* Resources */,
				8D11072C0486CEB800E47090 /* Sources */,
				8D11072E0486CEB800E47090 /* Frameworks */,
				AFCE79541419B49700E22468 /* CopyFiles */,
			);
			buildRules = (
			);
			dependencies = (
			);
			name = CocoaRestClient;
			productInstallPath = "$(HOME)/Applications";
			productName = CocoaRestClient;
			productReference = 8D1107320486CEB800E47090 /* CocoaRestClient.app */;
			productType = "com.apple.product-type.application";
		};
/* End PBXNativeTarget section */

/* Begin PBXProject section */
		29B97313FDCFA39411CA2CEA /* Project object */ = {
			isa = PBXProject;
			attributes = {
				LastUpgradeCheck = 0460;
			};
			buildConfigurationList = C01FCF4E08A954540054247B /* Build configuration list for PBXProject "CocoaRestClient" */;
			compatibilityVersion = "Xcode 3.2";
			developmentRegion = English;
			hasScannedForEncodings = 1;
			knownRegions = (
				en,
			);
			mainGroup = 29B97314FDCFA39411CA2CEA /* CocoaRestClient */;
			projectDirPath = "";
			projectRoot = "";
			targets = (
				8D1107260486CEB800E47090 /* CocoaRestClient */,
			);
		};
/* End PBXProject section */

/* Begin PBXResourcesBuildPhase section */
		8D1107290486CEB800E47090 /* Resources */ = {
			isa = PBXResourcesBuildPhase;
			buildActionMask = 2147483647;
			files = (
				8D11072B0486CEB800E47090 /* InfoPlist.strings in Resources */,
				1DDD58160DA1D0A300B32029 /* MainMenu.xib in Resources */,
				AF7A149B113B583A00F0D6F5 /* cocoaRestClient.icns in Resources */,
				D7D998B611EAA2B2005B8811 /* background-header.png in Resources */,
				AFE1837712E394E5001B1B29 /* LICENSE.txt in Resources */,
				AFCE79571419B54600E22468 /* dsa_pub.pem in Resources */,
			);
			runOnlyForDeploymentPostprocessing = 0;
		};
/* End PBXResourcesBuildPhase section */

/* Begin PBXSourcesBuildPhase section */
		8D11072C0486CEB800E47090 /* Sources */ = {
			isa = PBXSourcesBuildPhase;
			buildActionMask = 2147483647;
			files = (
				8D11072D0486CEB800E47090 /* main.m in Sources */,
				AF1FC48410F435BD00ED5A57 /* CocoaRestClientAppDelegate.m in Sources */,
				D7AC588711E60DDA00D67635 /* CRCMultipartRequest.m in Sources */,
				D714A01D11E8BF7700F5A80B /* CRCFormEncodedRequest.m in Sources */,
				D714A02011E8C0F400F5A80B /* CRCRawRequest.m in Sources */,
				D714A03111E8F61D00F5A80B /* CRCFileRequest.m in Sources */,
				D714A0A211E901FB00F5A80B /* CRCRequest.m in Sources */,
				D7D998B411EAA29B005B8811 /* CRCTopView.m in Sources */,
				A476E95A16B740D700BBBCD2 /* JSONKit.m in Sources */,
			);
			runOnlyForDeploymentPostprocessing = 0;
		};
/* End PBXSourcesBuildPhase section */

/* Begin PBXVariantGroup section */
		089C165CFE840E0CC02AAC07 /* InfoPlist.strings */ = {
			isa = PBXVariantGroup;
			children = (
				089C165DFE840E0CC02AAC07 /* English */,
			);
			name = InfoPlist.strings;
			sourceTree = "<group>";
		};
		1DDD58140DA1D0A300B32029 /* MainMenu.xib */ = {
			isa = PBXVariantGroup;
			children = (
				1DDD58150DA1D0A300B32029 /* English */,
			);
			name = MainMenu.xib;
			sourceTree = "<group>";
		};
/* End PBXVariantGroup section */

/* Begin XCBuildConfiguration section */
		C01FCF4B08A954540054247B /* Debug */ = {
			isa = XCBuildConfiguration;
			buildSettings = {
				ALWAYS_SEARCH_USER_PATHS = NO;
				CLANG_ENABLE_OBJC_ARC = YES;
				COMBINE_HIDPI_IMAGES = YES;
				DEAD_CODE_STRIPPING = YES;
				DEBUG_INFORMATION_FORMAT = "dwarf-with-dsym";
				FRAMEWORK_SEARCH_PATHS = (
					"$(inherited)",
					"\"$(SRCROOT)\"",
				);
				GCC_MODEL_TUNING = G5;
				GCC_OPTIMIZATION_LEVEL = 0;
				GCC_PRECOMPILE_PREFIX_HEADER = YES;
				GCC_PREFIX_HEADER = CocoaRestClient_Prefix.pch;
				INFOPLIST_FILE = "CocoaRestClient-Info.plist";
				INSTALL_PATH = /Applications;
				PRODUCT_NAME = CocoaRestClient;
			};
			name = Debug;
		};
		C01FCF4C08A954540054247B /* Release */ = {
			isa = XCBuildConfiguration;
			buildSettings = {
				ALWAYS_SEARCH_USER_PATHS = NO;
				CLANG_ENABLE_OBJC_ARC = YES;
				COMBINE_HIDPI_IMAGES = YES;
				DEAD_CODE_STRIPPING = YES;
				DEBUG_INFORMATION_FORMAT = "dwarf-with-dsym";
				FRAMEWORK_SEARCH_PATHS = (
					"$(inherited)",
					"\"$(SRCROOT)\"",
				);
				GCC_MODEL_TUNING = G5;
				GCC_PRECOMPILE_PREFIX_HEADER = YES;
				GCC_PREFIX_HEADER = CocoaRestClient_Prefix.pch;
				INFOPLIST_FILE = "CocoaRestClient-Info.plist";
				INSTALL_PATH = /Applications;
				PRODUCT_NAME = CocoaRestClient;
			};
			name = Release;
		};
		C01FCF4F08A954540054247B /* Debug */ = {
			isa = XCBuildConfiguration;
			buildSettings = {
				ARCHS = "$(ARCHS_STANDARD_64_BIT)";
				CLANG_WARN_CONSTANT_CONVERSION = YES;
				CLANG_WARN_ENUM_CONVERSION = YES;
				CLANG_WARN_INT_CONVERSION = YES;
				CLANG_WARN__DUPLICATE_METHOD_MATCH = YES;
				CLANG_X86_VECTOR_INSTRUCTIONS = default;
				COPY_PHASE_STRIP = NO;
				GCC_OPTIMIZATION_LEVEL = s;
				GCC_VERSION = com.apple.compilers.llvm.clang.1_0;
				GCC_WARN_ABOUT_RETURN_TYPE = YES;
				GCC_WARN_UNINITIALIZED_AUTOS = YES;
				GCC_WARN_UNUSED_VARIABLE = YES;
				MACOSX_DEPLOYMENT_TARGET = 10.7;
				STRIP_STYLE = "non-global";
			};
			name = Debug;
		};
		C01FCF5008A954540054247B /* Release */ = {
			isa = XCBuildConfiguration;
			buildSettings = {
				ARCHS = "$(ARCHS_STANDARD_64_BIT)";
				CLANG_WARN_CONSTANT_CONVERSION = YES;
				CLANG_WARN_ENUM_CONVERSION = YES;
				CLANG_WARN_INT_CONVERSION = YES;
				CLANG_WARN__DUPLICATE_METHOD_MATCH = YES;
				CLANG_X86_VECTOR_INSTRUCTIONS = default;
				GCC_VERSION = com.apple.compilers.llvm.clang.1_0;
				GCC_WARN_ABOUT_RETURN_TYPE = YES;
				GCC_WARN_UNINITIALIZED_AUTOS = YES;
				GCC_WARN_UNUSED_VARIABLE = YES;
				MACOSX_DEPLOYMENT_TARGET = 10.7;
				STRIP_STYLE = all;
			};
			name = Release;
		};
/* End XCBuildConfiguration section */

/* Begin XCConfigurationList section */
		C01FCF4A08A954540054247B /* Build configuration list for PBXNativeTarget "CocoaRestClient" */ = {
			isa = XCConfigurationList;
			buildConfigurations = (
				C01FCF4B08A954540054247B /* Debug */,
				C01FCF4C08A954540054247B /* Release */,
			);
			defaultConfigurationIsVisible = 0;
			defaultConfigurationName = Release;
		};
		C01FCF4E08A954540054247B /* Build configuration list for PBXProject "CocoaRestClient" */ = {
			isa = XCConfigurationList;
			buildConfigurations = (
				C01FCF4F08A954540054247B /* Debug */,
				C01FCF5008A954540054247B /* Release */,
			);
			defaultConfigurationIsVisible = 0;
			defaultConfigurationName = Release;
		};
/* End XCConfigurationList section */
	};
	rootObject = 29B97313FDCFA39411CA2CEA /* Project object */;
}
